
Microsoft Visual Studio Solution File, Format Version 12.00
# Visual Studio Version 17
VisualStudioVersion = 17.4.33205.214
MinimumVisualStudioVersion = 10.0.40219.1
Project("{FAE04EC0-301F-11D3-BF4B-00C04F79EFBC}") = "HandsOn15", "HandsOn15\HandsOn15.csproj", "{E36402AA-5C4E-4D7B-AD52-23C7D9F8BC2B}"
EndProject
Global
	GlobalSection(SolutionConfigurationPlatforms) = preSolution
		Debug|Any CPU = Debug|Any CPU
		Release|Any CPU = Release|Any CPU
	EndGlobalSection
	GlobalSection(ProjectConfigurationPlatforms) = postSolution
		{E36402AA-5C4E-4D7B-AD52-23C7D9F8BC2B}.Debug|Any CPU.ActiveCfg = Debug|Any CPU
		{E36402AA-5C4E-4D7B-AD52-23C7D9F8BC2B}.Debug|Any CPU.Build.0 = Debug|Any CPU
		{E36402AA-5C4E-4D7B-AD52-23C7D9F8BC2B}.Release|Any CPU.ActiveCfg = Release|Any CPU
		{E36402AA-5C4E-4D7B-AD52-23C7D9F8BC2B}.Release|Any CPU.Build.0 = Release|Any CPU
	EndGlobalSection
	GlobalSection(SolutionProperties) = preSolution
		HideSolutionNode = FALSE
	EndGlobalSection
	GlobalSection(ExtensibilityGlobals) = postSolution
		SolutionGuid = {F0227A31-C0F4-423F-BEBD-22C38C862DA0}
	EndGlobalSection
EndGlobal
